
Microsoft Visual Studio Solution File, Format Version 12.00
# Visual Studio Version 16
VisualStudioVersion = 16.0.35026.282
MinimumVisualStudioVersion = 10.0.40219.1
Project("{FAE04EC0-301F-11D3-BF4B-00C04F79EFBC}") = "ELearning", "ELearning\ELearning.csproj", "{3B82FB0C-66C4-470D-BE1F-73AE8E69B7DE}"
EndProject
Global
	GlobalSection(SolutionConfigurationPlatforms) = preSolution
		Debug|Any CPU = Debug|Any CPU
		Release|Any CPU = Release|Any CPU
	EndGlobalSection
	GlobalSection(ProjectConfigurationPlatforms) = postSolution
		{3B82FB0C-66C4-470D-BE1F-73AE8E69B7DE}.Debug|Any CPU.ActiveCfg = Debug|Any CPU
		{3B82FB0C-66C4-470D-BE1F-73AE8E69B7DE}.Debug|Any CPU.Build.0 = Debug|Any CPU
		{3B82FB0C-66C4-470D-BE1F-73AE8E69B7DE}.Release|Any CPU.ActiveCfg = Release|Any CPU
		{3B82FB0C-66C4-470D-BE1F-73AE8E69B7DE}.Release|Any CPU.Build.0 = Release|Any CPU
	EndGlobalSection
	GlobalSection(SolutionProperties) = preSolution
		HideSolutionNode = FALSE
	EndGlobalSection
	GlobalSection(ExtensibilityGlobals) = postSolution
		SolutionGuid = {67078B4F-E72E-4518-BC84-4E8F82534903}
	EndGlobalSection
EndGlobal
